DEPENDENCIES
  apache_part
    path: site-cookbooks/apache_part
  cloudconductor
    path: site-cookbooks/cloudconductor
  postgresql_part
    path: site-cookbooks/postgresql_part
  tomcat_part
    path: site-cookbooks/tomcat_part

GRAPH
  apache2 (3.1.0)
  apache_part (0.0.1)
    apache2 (>= 0.0.0)
    yum-epel (>= 0.0.0)
  apt (2.9.2)
  build-essential (2.2.4)
  chef-sugar (3.3.0)
  cloudconductor (0.0.1)
  database (4.0.9)
    postgresql (>= 1.0.0)
  java (1.37.0)
    apt (>= 0.0.0)
  openssl (4.4.0)
    chef-sugar (>= 3.1.1)
  postgresql (4.0.0)
    apt (>= 1.9.0)
    build-essential (>= 0.0.0)
    openssl (~> 4.0)
  postgresql_part (0.0.1)
    cloudconductor (>= 0.0.0)
    database (>= 0.0.0)
    postgresql (>= 0.0.0)
  tomcat (0.16.2)
    java (>= 0.0.0)
    openssl (>= 0.0.0)
  tomcat_part (0.0.2)
    cloudconductor (>= 0.0.0)
    tomcat (< 0.17.0)
    yum (>= 0.0.0)
  yum (3.8.2)
  yum-epel (0.6.5)
    yum (~> 3.2)
