DEPENDENCIES
  apache_part
    path: site-cookbooks/apache_part
  cloudconductor
    path: site-cookbooks/cloudconductor
  postgresql_part
    path: site-cookbooks/postgresql_part
  tomcat_part
    path: site-cookbooks/tomcat_part

GRAPH
  apache2 (3.0.1)
    iptables (>= 0.0.0)
    logrotate (>= 0.0.0)
  apache_part (0.0.1)
    apache2 (>= 0.0.0)
    yum-epel (>= 0.0.0)
  apt (2.6.1)
  build-essential (2.1.3)
  chef-sugar (2.5.0)
  cloudconductor (0.0.1)
  database (4.0.3)
    postgresql (>= 1.0.0)
  iptables (0.14.1)
  java (1.31.0)
  logrotate (1.9.0)
  openssl (4.0.0)
    chef-sugar (>= 0.0.0)
  postgresql (3.4.18)
    apt (>= 1.9.0)
    build-essential (>= 0.0.0)
    openssl (~> 4.0.0)
  postgresql_part (0.0.1)
    cloudconductor (>= 0.0.0)
    database (>= 0.0.0)
    postgresql (>= 0.0.0)
  tomcat (0.16.2)
    java (>= 0.0.0)
    openssl (>= 0.0.0)
  tomcat_part (0.0.2)
    cloudconductor (>= 0.0.0)
    tomcat (< 0.17.0)
    yum (>= 0.0.0)
  yum (3.5.3)
  yum-epel (0.6.0)
    yum (~> 3.0)
